// !$*UTF8*$!
{
	archiveVersion = 1;
	classes = {
	};
	objectVersion = 50;
	objects = {

/* Begin PBXBuildFile section */
		563A572C2594063E0032C000 /* The Beginning.musicxml in Resources */ = {isa = PBXBuildFile; fileRef = 563A572B2594063E0032C000 /* The Beginning.musicxml */; };
		56FBBCAC25740BCA00074308 /* AppDelegate.swift in Sources */ = {isa = PBXBuildFile; fileRef = 56FBBCAB25740BCA00074308 /* AppDelegate.swift */; };
		56FBBCAE25740BCA00074308 /* SceneDelegate.swift in Sources */ = {isa = PBXBuildFile; fileRef = 56FBBCAD25740BCA00074308 /* SceneDelegate.swift */; };
		56FBBCB025740BCA00074308 /* ViewController.swift in Sources */ = {isa = PBXBuildFile; fileRef = 56FBBCAF25740BCA00074308 /* ViewController.swift */; };
		56FBBCB325740BCA00074308 /* Main.storyboard in Resources */ = {isa = PBXBuildFile; fileRef = 56FBBCB125740BCA00074308 /* Main.storyboard */; };
		56FBBCB525740BCB00074308 /* Assets.xcassets in Resources */ = {isa = PBXBuildFile; fileRef = 56FBBCB425740BCB00074308 /* Assets.xcassets */; };
		56FBBCB825740BCB00074308 /* LaunchScreen.storyboard in Resources */ = {isa = PBXBuildFile; fileRef = 56FBBCB625740BCB00074308 /* LaunchScreen.storyboard */; };
		56FBBCCA2574105B00074308 /* NotationView.swift in Sources */ = {isa = PBXBuildFile; fileRef = 56FBBCC92574105B00074308 /* NotationView.swift */; };
		56FBBCCD257414BD00074308 /* OSMD in Resources */ = {isa = PBXBuildFile; fileRef = 56FBBCC825740FCA00074308 /* OSMD */; };
		56FBBD0E2574408B00074308 /* FaurReveSample.musicxml in Resources */ = {isa = PBXBuildFile; fileRef = 56FBBD0D2574408B00074308 /* FaurReveSample.musicxml */; };
/* End PBXBuildFile section */

/* Begin PBXFileReference section */
		563A572B2594063E0032C000 /* The Beginning.musicxml */ = {isa = PBXFileReference; fileEncoding = 4; lastKnownFileType = text.xml; path = "The Beginning.musicxml"; sourceTree = "<group>"; };
		56FBBCA825740BCA00074308 /* OpenSheetMusicDisplay-Swift-Example.app */ = {isa = PBXFileReference; explicitFileType = wrapper.application; includeInIndex = 0; path = "OpenSheetMusicDisplay-Swift-Example.app"; sourceTree = BUILT_PRODUCTS_DIR; };
		56FBBCAB25740BCA00074308 /* AppDelegate.swift */ = {isa = PBXFileReference; lastKnownFileType = sourcecode.swift; path = AppDelegate.swift; sourceTree = "<group>"; };
		56FBBCAD25740BCA00074308 /* SceneDelegate.swift */ = {isa = PBXFileReference; lastKnownFileType = sourcecode.swift; path = SceneDelegate.swift; sourceTree = "<group>"; };
		56FBBCAF25740BCA00074308 /* ViewController.swift */ = {isa = PBXFileReference; lastKnownFileType = sourcecode.swift; path = ViewController.swift; sourceTree = "<group>"; };
		56FBBCB225740BCA00074308 /* Base */ = {isa = PBXFileReference; lastKnownFileType = file.storyboard; name = Base; path = Base.lproj/Main.storyboard; sourceTree = "<group>"; };
		56FBBCB425740BCB00074308 /* Assets.xcassets */ = {isa = PBXFileReference; lastKnownFileType = folder.assetcatalog; path = Assets.xcassets; sourceTree = "<group>"; };
		56FBBCB725740BCB00074308 /* Base */ = {isa = PBXFileReference; lastKnownFileType = file.storyboard; name = Base; path = Base.lproj/LaunchScreen.storyboard; sourceTree = "<group>"; };
		56FBBCB925740BCB00074308 /* Info.plist */ = {isa = PBXFileReference; lastKnownFileType = text.plist.xml; path = Info.plist; sourceTree = "<group>"; };
		56FBBCC825740FCA00074308 /* OSMD */ = {isa = PBXFileReference; lastKnownFileType = folder; path = OSMD; sourceTree = "<group>"; };
		56FBBCC92574105B00074308 /* NotationView.swift */ = {isa = PBXFileReference; lastKnownFileType = sourcecode.swift; path = NotationView.swift; sourceTree = "<group>"; };
		56FBBD0D2574408B00074308 /* FaurReveSample.musicxml */ = {isa = PBXFileReference; fileEncoding = 4; lastKnownFileType = text.xml; path = FaurReveSample.musicxml; sourceTree = "<group>"; };
		56FBBD112574561400074308 /* OpenSheetMusicDisplay-Swift-Example.entitlements */ = {isa = PBXFileReference; lastKnownFileType = text.plist.entitlements; path = "OpenSheetMusicDisplay-Swift-Example.entitlements"; sourceTree = "<group>"; };
/* End PBXFileReference section */

/* Begin PBXFrameworksBuildPhase section */
		56FBBCA525740BCA00074308 /* Frameworks */ = {
			isa = PBXFrameworksBuildPhase;
			buildActionMask = 2147483647;
			files = (
			);
			runOnlyForDeploymentPostprocessing = 0;
		};
/* End PBXFrameworksBuildPhase section */

/* Begin PBXGroup section */
		56FBBC9F25740BCA00074308 = {
			isa = PBXGroup;
			children = (
				56FBBCAA25740BCA00074308 /* OpenSheetMusicDisplay-Swift-Example */,
				56FBBCA925740BCA00074308 /* Products */,
			);
			sourceTree = "<group>";
		};
		56FBBCA925740BCA00074308 /* Products */ = {
			isa = PBXGroup;
			children = (
				56FBBCA825740BCA00074308 /* OpenSheetMusicDisplay-Swift-Example.app */,
			);
			name = Products;
			sourceTree = "<group>";
		};
		56FBBCAA25740BCA00074308 /* OpenSheetMusicDisplay-Swift-Example */ = {
			isa = PBXGroup;
			children = (
				56FBBD112574561400074308 /* OpenSheetMusicDisplay-Swift-Example.entitlements */,
				56FBBCAB25740BCA00074308 /* AppDelegate.swift */,
				56FBBCAD25740BCA00074308 /* SceneDelegate.swift */,
				56FBBCAF25740BCA00074308 /* ViewController.swift */,
				56FBBCC92574105B00074308 /* NotationView.swift */,
				56FBBCB125740BCA00074308 /* Main.storyboard */,
				56FBBCB425740BCB00074308 /* Assets.xcassets */,
				56FBBD0D2574408B00074308 /* FaurReveSample.musicxml */,
				563A572B2594063E0032C000 /* The Beginning.musicxml */,
				56FBBCB625740BCB00074308 /* LaunchScreen.storyboard */,
				56FBBCB925740BCB00074308 /* Info.plist */,
				56FBBCC825740FCA00074308 /* OSMD */,
			);
			path = "OpenSheetMusicDisplay-Swift-Example";
			sourceTree = "<group>";
		};
/* End PBXGroup section */

/* Begin PBXNativeTarget section */
		56FBBCA725740BCA00074308 /* OpenSheetMusicDisplay-Swift-Example */ = {
			isa = PBXNativeTarget;
			buildConfigurationList = 56FBBCBC25740BCB00074308 /* Build configuration list for PBXNativeTarget "OpenSheetMusicDisplay-Swift-Example" */;
			buildPhases = (
				56FBBCA425740BCA00074308 /* Sources */,
				56FBBCA525740BCA00074308 /* Frameworks */,
				56FBBCA625740BCA00074308 /* Resources */,
			);
			buildRules = (
			);
			dependencies = (
			);
			name = "OpenSheetMusicDisplay-Swift-Example";
			productName = "OpenSheetMusicDisplay-Swift-Example";
			productReference = 56FBBCA825740BCA00074308 /* OpenSheetMusicDisplay-Swift-Example.app */;
			productType = "com.apple.product-type.application";
		};
/* End PBXNativeTarget section */

/* Begin PBXProject section */
		56FBBCA025740BCA00074308 /* Project object */ = {
			isa = PBXProject;
			attributes = {
				LastSwiftUpdateCheck = 1220;
				LastUpgradeCheck = 1220;
				TargetAttributes = {
					56FBBCA725740BCA00074308 = {
						CreatedOnToolsVersion = 12.2;
					};
				};
			};
			buildConfigurationList = 56FBBCA325740BCA00074308 /* Build configuration list for PBXProject "OpenSheetMusicDisplay-Swift-Example" */;
			compatibilityVersion = "Xcode 9.3";
			developmentRegion = en;
			hasScannedForEncodings = 0;
			knownRegions = (
				en,
				Base,
			);
			mainGroup = 56FBBC9F25740BCA00074308;
			productRefGroup = 56FBBCA925740BCA00074308 /* Products */;
			projectDirPath = "";
			projectRoot = "";
			targets = (
				56FBBCA725740BCA00074308 /* OpenSheetMusicDisplay-Swift-Example */,
			);
		};
/* End PBXProject section */

/* Begin PBXResourcesBuildPhase section */
		56FBBCA625740BCA00074308 /* Resources */ = {
			isa = PBXResourcesBuildPhase;
			buildActionMask = 2147483647;
			files = (
				56FBBCB825740BCB00074308 /* LaunchScreen.storyboard in Resources */,
				56FBBCB525740BCB00074308 /* Assets.xcassets in Resources */,
				56FBBCB325740BCA00074308 /* Main.storyboard in Resources */,
				56FBBD0E2574408B00074308 /* FaurReveSample.musicxml in Resources */,
				563A572C2594063E0032C000 /* The Beginning.musicxml in Resources */,
				56FBBCCD257414BD00074308 /* OSMD in Resources */,
			);
			runOnlyForDeploymentPostprocessing = 0;
		};
/* End PBXResourcesBuildPhase section */

/* Begin PBXSourcesBuildPhase section */
		56FBBCA425740BCA00074308 /* Sources */ = {
			isa = PBXSourcesBuildPhase;
			buildActionMask = 2147483647;
			files = (
				56FBBCCA2574105B00074308 /* NotationView.swift in Sources */,
				56FBBCB025740BCA00074308 /* ViewController.swift in Sources */,
				56FBBCAC25740BCA00074308 /* AppDelegate.swift in Sources */,
				56FBBCAE25740BCA00074308 /* SceneDelegate.swift in Sources */,
			);
			runOnlyForDeploymentPostprocessing = 0;
		};
/* End PBXSourcesBuildPhase section */

/* Begin PBXVariantGroup section */
		56FBBCB125740BCA00074308 /* Main.storyboard */ = {
			isa = PBXVariantGroup;
			children = (
				56FBBCB225740BCA00074308 /* Base */,
			);
			name = Main.storyboard;
			sourceTree = "<group>";
		};
		56FBBCB625740BCB00074308 /* LaunchScreen.storyboard */ = {
			isa = PBXVariantGroup;
			children = (
				56FBBCB725740BCB00074308 /* Base */,
			);
			name = LaunchScreen.storyboard;
			sourceTree = "<group>";
		};
/* End PBXVariantGroup section */

/* Begin XCBuildConfiguration section */
		56FBBCBA25740BCB00074308 /* Debug */ = {
			isa = XCBuildConfiguration;
			buildSettings = {
				ALWAYS_SEARCH_USER_PATHS = NO;
				CLANG_ANALYZER_NONNULL = YES;
				CLANG_ANALYZER_NUMBER_OBJECT_CONVERSION = YES_AGGRESSIVE;
				CLANG_CXX_LANGUAGE_STANDARD = "gnu++14";
				CLANG_CXX_LIBRARY = "libc++";
				CLANG_ENABLE_MODULES = YES;
				CLANG_ENABLE_OBJC_ARC = YES;
				CLANG_ENABLE_OBJC_WEAK = YES;
				CLANG_WARN_BLOCK_CAPTURE_AUTORELEASING = YES;
				CLANG_WARN_BOOL_CONVERSION = YES;
				CLANG_WARN_COMMA = YES;
				CLANG_WARN_CONSTANT_CONVERSION = YES;
				CLANG_WARN_DEPRECATED_OBJC_IMPLEMENTATIONS = YES;
				CLANG_WARN_DIRECT_OBJC_ISA_USAGE = YES_ERROR;
				CLANG_WARN_DOCUMENTATION_COMMENTS = YES;
				CLANG_WARN_EMPTY_BODY = YES;
				CLANG_WARN_ENUM_CONVERSION = YES;
				CLANG_WARN_INFINITE_RECURSION = YES;
				CLANG_WARN_INT_CONVERSION = YES;
				CLANG_WARN_NON_LITERAL_NULL_CONVERSION = YES;
				CLANG_WARN_OBJC_IMPLICIT_RETAIN_SELF = YES;
				CLANG_WARN_OBJC_LITERAL_CONVERSION = YES;
				CLANG_WARN_OBJC_ROOT_CLASS = YES_ERROR;
				CLANG_WARN_QUOTED_INCLUDE_IN_FRAMEWORK_HEADER = YES;
				CLANG_WARN_RANGE_LOOP_ANALYSIS = YES;
				CLANG_WARN_STRICT_PROTOTYPES = YES;
				CLANG_WARN_SUSPICIOUS_MOVE = YES;
				CLANG_WARN_UNGUARDED_AVAILABILITY = YES_AGGRESSIVE;
				CLANG_WARN_UNREACHABLE_CODE = YES;
				CLANG_WARN__DUPLICATE_METHOD_MATCH = YES;
				COPY_PHASE_STRIP = NO;
				DEBUG_INFORMATION_FORMAT = dwarf;
				ENABLE_STRICT_OBJC_MSGSEND = YES;
				ENABLE_TESTABILITY = YES;
				GCC_C_LANGUAGE_STANDARD = gnu11;
				GCC_DYNAMIC_NO_PIC = NO;
				GCC_NO_COMMON_BLOCKS = YES;
				GCC_OPTIMIZATION_LEVEL = 0;
				GCC_PREPROCESSOR_DEFINITIONS = (
					"DEBUG=1",
					"$(inherited)",
				);
				GCC_WARN_64_TO_32_BIT_CONVERSION = YES;
				GCC_WARN_ABOUT_RETURN_TYPE = YES_ERROR;
				GCC_WARN_UNDECLARED_SELECTOR = YES;
				GCC_WARN_UNINITIALIZED_AUTOS = YES_AGGRESSIVE;
				GCC_WARN_UNUSED_FUNCTION = YES;
				GCC_WARN_UNUSED_VARIABLE = YES;
				IPHONEOS_DEPLOYMENT_TARGET = 14.2;
				MTL_ENABLE_DEBUG_INFO = INCLUDE_SOURCE;
				MTL_FAST_MATH = YES;
				ONLY_ACTIVE_ARCH = YES;
				SDKROOT = iphoneos;
				SWIFT_ACTIVE_COMPILATION_CONDITIONS = DEBUG;
				SWIFT_OPTIMIZATION_LEVEL = "-Onone";
			};
			name = Debug;
		};
		56FBBCBB25740BCB00074308 /* Release */ = {
			isa = XCBuildConfiguration;
			buildSettings = {
				ALWAYS_SEARCH_USER_PATHS = NO;
				CLANG_ANALYZER_NONNULL = YES;
				CLANG_ANALYZER_NUMBER_OBJECT_CONVERSION = YES_AGGRESSIVE;
				CLANG_CXX_LANGUAGE_STANDARD = "gnu++14";
				CLANG_CXX_LIBRARY = "libc++";
				CLANG_ENABLE_MODULES = YES;
				CLANG_ENABLE_OBJC_ARC = YES;
				CLANG_ENABLE_OBJC_WEAK = YES;
				CLANG_WARN_BLOCK_CAPTURE_AUTORELEASING = YES;
				CLANG_WARN_BOOL_CONVERSION = YES;
				CLANG_WARN_COMMA = YES;
				CLANG_WARN_CONSTANT_CONVERSION = YES;
				CLANG_WARN_DEPRECATED_OBJC_IMPLEMENTATIONS = YES;
				CLANG_WARN_DIRECT_OBJC_ISA_USAGE = YES_ERROR;
				CLANG_WARN_DOCUMENTATION_COMMENTS = YES;
				CLANG_WARN_EMPTY_BODY = YES;
				CLANG_WARN_ENUM_CONVERSION = YES;
				CLANG_WARN_INFINITE_RECURSION = YES;
				CLANG_WARN_INT_CONVERSION = YES;
				CLANG_WARN_NON_LITERAL_NULL_CONVERSION = YES;
				CLANG_WARN_OBJC_IMPLICIT_RETAIN_SELF = YES;
				CLANG_WARN_OBJC_LITERAL_CONVERSION = YES;
				CLANG_WARN_OBJC_ROOT_CLASS = YES_ERROR;
				CLANG_WARN_QUOTED_INCLUDE_IN_FRAMEWORK_HEADER = YES;
				CLANG_WARN_RANGE_LOOP_ANALYSIS = YES;
				CLANG_WARN_STRICT_PROTOTYPES = YES;
				CLANG_WARN_SUSPICIOUS_MOVE = YES;
				CLANG_WARN_UNGUARDED_AVAILABILITY = YES_AGGRESSIVE;
				CLANG_WARN_UNREACHABLE_CODE = YES;
				CLANG_WARN__DUPLICATE_METHOD_MATCH = YES;
				COPY_PHASE_STRIP = NO;
				DEBUG_INFORMATION_FORMAT = "dwarf-with-dsym";
				ENABLE_NS_ASSERTIONS = NO;
				ENABLE_STRICT_OBJC_MSGSEND = YES;
				GCC_C_LANGUAGE_STANDARD = gnu11;
				GCC_NO_COMMON_BLOCKS = YES;
				GCC_WARN_64_TO_32_BIT_CONVERSION = YES;
				GCC_WARN_ABOUT_RETURN_TYPE = YES_ERROR;
				GCC_WARN_UNDECLARED_SELECTOR = YES;
				GCC_WARN_UNINITIALIZED_AUTOS = YES_AGGRESSIVE;
				GCC_WARN_UNUSED_FUNCTION = YES;
				GCC_WARN_UNUSED_VARIABLE = YES;
				IPHONEOS_DEPLOYMENT_TARGET = 14.2;
				MTL_ENABLE_DEBUG_INFO = NO;
				MTL_FAST_MATH = YES;
				SDKROOT = iphoneos;
				SWIFT_COMPILATION_MODE = wholemodule;
				SWIFT_OPTIMIZATION_LEVEL = "-O";
				VALIDATE_PRODUCT = YES;
			};
			name = Release;
		};
		56FBBCBD25740BCB00074308 /* Debug */ = {
			isa = XCBuildConfiguration;
			buildSettings = {
				ASSETCATALOG_COMPILER_APPICON_NAME = AppIcon;
				ASSETCATALOG_COMPILER_GLOBAL_ACCENT_COLOR_NAME = AccentColor;
				CODE_SIGN_ENTITLEMENTS = "OpenSheetMusicDisplay-Swift-Example/OpenSheetMusicDisplay-Swift-Example.entitlements";
				"CODE_SIGN_IDENTITY[sdk=macosx*]" = "-";
				CODE_SIGN_STYLE = Automatic;
				DEVELOPMENT_TEAM = "";
				INFOPLIST_FILE = "OpenSheetMusicDisplay-Swift-Example/Info.plist";
				IPHONEOS_DEPLOYMENT_TARGET = 13.6;
				"IPHONEOS_DEPLOYMENT_TARGET[sdk=macosx*]" = 13.5;
				LD_RUNPATH_SEARCH_PATHS = (
					"$(inherited)",
					"@executable_path/Frameworks",
				);
				PRODUCT_BUNDLE_IDENTIFIER = "com.technimo.OpenSheetMusicDisplay-Swift-Example";
				PRODUCT_NAME = "$(TARGET_NAME)";
				SUPPORTS_MACCATALYST = YES;
				SWIFT_VERSION = 5.0;
				TARGETED_DEVICE_FAMILY = "1,2";
			};
			name = Debug;
		};
		56FBBCBE25740BCB00074308 /* Release */ = {
			isa = XCBuildConfiguration;
			buildSettings = {
				ASSETCATALOG_COMPILER_APPICON_NAME = AppIcon;
				ASSETCATALOG_COMPILER_GLOBAL_ACCENT_COLOR_NAME = AccentColor;
				CODE_SIGN_ENTITLEMENTS = "OpenSheetMusicDisplay-Swift-Example/OpenSheetMusicDisplay-Swift-Example.entitlements";
				"CODE_SIGN_IDENTITY[sdk=macosx*]" = "-";
				CODE_SIGN_STYLE = Automatic;
				DEVELOPMENT_TEAM = "";
				INFOPLIST_FILE = "OpenSheetMusicDisplay-Swift-Example/Info.plist";
				IPHONEOS_DEPLOYMENT_TARGET = 13.6;
				"IPHONEOS_DEPLOYMENT_TARGET[sdk=macosx*]" = 13.5;
				LD_RUNPATH_SEARCH_PATHS = (
					"$(inherited)",
					"@executable_path/Frameworks",
				);
				PRODUCT_BUNDLE_IDENTIFIER = "com.technimo.OpenSheetMusicDisplay-Swift-Example";
				PRODUCT_NAME = "$(TARGET_NAME)";
				SUPPORTS_MACCATALYST = YES;
				SWIFT_VERSION = 5.0;
				TARGETED_DEVICE_FAMILY = "1,2";
			};
			name = Release;
		};
/* End XCBuildConfiguration section */

/* Begin XCConfigurationList section */
		56FBBCA325740BCA00074308 /* Build configuration list for PBXProject "OpenSheetMusicDisplay-Swift-Example" */ = {
			isa = XCConfigurationList;
			buildConfigurations = (
				56FBBCBA25740BCB00074308 /* Debug */,
				56FBBCBB25740BCB00074308 /* Release */,
			);
			defaultConfigurationIsVisible = 0;
			defaultConfigurationName = Release;
		};
		56FBBCBC25740BCB00074308 /* Build configuration list for PBXNativeTarget "OpenSheetMusicDisplay-Swift-Example" */ = {
			isa = XCConfigurationList;
			buildConfigurations = (
				56FBBCBD25740BCB00074308 /* Debug */,
				56FBBCBE25740BCB00074308 /* Release */,
			);
			defaultConfigurationIsVisible = 0;
			defaultConfigurationName = Release;
		};
/* End XCConfigurationList section */
	};
	rootObject = 56FBBCA025740BCA00074308 /* Project object */;
}
